
Microsoft Visual Studio Solution File, Format Version 12.00
# Visual Studio 2012
Project("{FAE04EC0-301F-11D3-BF4B-00C04F79EFBC}") = "PriorityQueue", "PriorityQueue\PriorityQueue.csproj", "{9A485EF4-A0CF-48C9-8F78-5AAA33F4A234}"
EndProject
Project("{FAE04EC0-301F-11D3-BF4B-00C04F79EFBC}") = "ConsoleApplication1", "..\Heaps\ConsoleApplication1\ConsoleApplication1.csproj", "{40492B8B-0CFD-4C68-ADB0-A7B3C839501D}"
EndProject
Global
	GlobalSection(SolutionConfigurationPlatforms) = preSolution
		Debug|Any CPU = Debug|Any CPU
		Release|Any CPU = Release|Any CPU
	EndGlobalSection
	GlobalSection(ProjectConfigurationPlatforms) = postSolution
		{9A485EF4-A0CF-48C9-8F78-5AAA33F4A234}.Debug|Any CPU.ActiveCfg = Debug|Any CPU
		{9A485EF4-A0CF-48C9-8F78-5AAA33F4A234}.Debug|Any CPU.Build.0 = Debug|Any CPU
		{9A485EF4-A0CF-48C9-8F78-5AAA33F4A234}.Release|Any CPU.ActiveCfg = Release|Any CPU
		{9A485EF4-A0CF-48C9-8F78-5AAA33F4A234}.Release|Any CPU.Build.0 = Release|Any CPU
		{40492B8B-0CFD-4C68-ADB0-A7B3C839501D}.Debug|Any CPU.ActiveCfg = Debug|Any CPU
		{40492B8B-0CFD-4C68-ADB0-A7B3C839501D}.Debug|Any CPU.Build.0 = Debug|Any CPU
		{40492B8B-0CFD-4C68-ADB0-A7B3C839501D}.Release|Any CPU.ActiveCfg = Release|Any CPU
		{40492B8B-0CFD-4C68-ADB0-A7B3C839501D}.Release|Any CPU.Build.0 = Release|Any CPU
	EndGlobalSection
	GlobalSection(SolutionProperties) = preSolution
		HideSolutionNode = FALSE
	EndGlobalSection
EndGlobal
